
Microsoft Visual Studio Solution File, Format Version 12.00
# Visual Studio 15
VisualStudioVersion = 15.0.28307.421
MinimumVisualStudioVersion = 10.0.40219.1
Project("{FAE04EC0-301F-11D3-BF4B-00C04F79EFBC}") = "TerrainForm_SharpDX_12", "TerrainForm_SharpDX_12\TerrainForm_SharpDX_12.csproj", "{4AA326C9-E1AD-4E82-91EE-80C7420D0930}"
EndProject
Global
	GlobalSection(SolutionConfigurationPlatforms) = preSolution
		Debug|Any CPU = Debug|Any CPU
		Release|Any CPU = Release|Any CPU
	EndGlobalSection
	GlobalSection(ProjectConfigurationPlatforms) = postSolution
		{4AA326C9-E1AD-4E82-91EE-80C7420D0930}.Debug|Any CPU.ActiveCfg = Debug|Any CPU
		{4AA326C9-E1AD-4E82-91EE-80C7420D0930}.Debug|Any CPU.Build.0 = Debug|Any CPU
		{4AA326C9-E1AD-4E82-91EE-80C7420D0930}.Release|Any CPU.ActiveCfg = Release|Any CPU
		{4AA326C9-E1AD-4E82-91EE-80C7420D0930}.Release|Any CPU.Build.0 = Release|Any CPU
	EndGlobalSection
	GlobalSection(SolutionProperties) = preSolution
		HideSolutionNode = FALSE
	EndGlobalSection
	GlobalSection(ExtensibilityGlobals) = postSolution
		SolutionGuid = {3A41853D-B19C-4465-8BA4-E064E15B5017}
	EndGlobalSection
EndGlobal
